# This file was autogenerated by Stack.
# You should not edit this file by hand.
# For more information, please see the documentation at:
#   https://docs.haskellstack.org/en/stable/lock_files

packages:
- completed:
    hackage: rainbow-0.34.2.2@sha256:522458692f361d86fa0dbc5085f96511138959dd664c8828c3672032ae558b67,2111
    pantry-tree:
      size: 630
      sha256: 1d73c5c6181919ea860b9d14421d48464266b5dbf4f7884f2e6b1b407632b6eb
  original:
    hackage: rainbow-0.34.2.2@sha256:522458692f361d86fa0dbc5085f96511138959dd664c8828c3672032ae558b67,2111
snapshots:
- completed:
    size: 524154
    url: https://raw.githubusercontent.com/commercialhaskell/stackage-snapshots/master/lts/14/20.yaml
    sha256: 2f5099f69ddb6abfe64400fe1e6a604e8e628f55e6837211cd70a81eb0a8fa4d
  original: lts-14.20
